// !$*UTF8*$!
{
	archiveVersion = 1;
	classes = {
	};
	objectVersion = 55;
	objects = {

/* Begin PBXBuildFile section */
		5D7922732C005E446A2A88B0 /* Pods_Reddit.framework in Frameworks */ = {isa = PBXBuildFile; fileRef = AD9F0FA318F7B6ABCC7AE99E /* Pods_Reddit.framework */; };
		6C5AF0DDA482F263FF033313 /* Pods_Reddit_RedditUITests.framework in Frameworks */ = {isa = PBXBuildFile; fileRef = D27FF6B7C21949CCA958FA80 /* Pods_Reddit_RedditUITests.framework */; };
		7B6B608F279C9FEC00EE38EC /* APIConfigurationProtocol.swift in Sources */ = {isa = PBXBuildFile; fileRef = 7B6B608E279C9FEC00EE38EC /* APIConfigurationProtocol.swift */; };
		7B6B6092279CA10700EE38EC /* ApiConfig.swift in Sources */ = {isa = PBXBuildFile; fileRef = 7B6B6091279CA10700EE38EC /* ApiConfig.swift */; };
		7B6B6094279CA1CA00EE38EC /* PolicyConfiguration.swift in Sources */ = {isa = PBXBuildFile; fileRef = 7B6B6093279CA1CA00EE38EC /* PolicyConfiguration.swift */; };
		7B6B6096279CAD8600EE38EC /* PerformRequestProtocol.swift in Sources */ = {isa = PBXBuildFile; fileRef = 7B6B6095279CAD8600EE38EC /* PerformRequestProtocol.swift */; };
		7B6B609A279D079500EE38EC /* RedditError.swift in Sources */ = {isa = PBXBuildFile; fileRef = 7B6B6099279D079400EE38EC /* RedditError.swift */; };
		7B6B609D279D08BB00EE38EC /* NetworkClient.swift in Sources */ = {isa = PBXBuildFile; fileRef = 7B6B609C279D08BB00EE38EC /* NetworkClient.swift */; };
		7B6B60A0279D099000EE38EC /* PostRouter.swift in Sources */ = {isa = PBXBuildFile; fileRef = 7B6B609F279D099000EE38EC /* PostRouter.swift */; };
		7B6B60A3279D0CD600EE38EC /* PostList.swift in Sources */ = {isa = PBXBuildFile; fileRef = 7B6B60A2279D0CD600EE38EC /* PostList.swift */; };
		7B6B60A5279D0DF300EE38EC /* PostData.swift in Sources */ = {isa = PBXBuildFile; fileRef = 7B6B60A4279D0DF300EE38EC /* PostData.swift */; };
		7B6B60A7279D0E4800EE38EC /* Post.swift in Sources */ = {isa = PBXBuildFile; fileRef = 7B6B60A6279D0E4800EE38EC /* Post.swift */; };
		7B6B60A9279D180200EE38EC /* PostChild.swift in Sources */ = {isa = PBXBuildFile; fileRef = 7B6B60A8279D180200EE38EC /* PostChild.swift */; };
		7BF30B75279C8AF4007E840D /* AppDelegate.swift in Sources */ = {isa = PBXBuildFile; fileRef = 7BF30B74279C8AF4007E840D /* AppDelegate.swift */; };
		7BF30B79279C8AF4007E840D /* ViewController.swift in Sources */ = {isa = PBXBuildFile; fileRef = 7BF30B78279C8AF4007E840D /* ViewController.swift */; };
		7BF30B7C279C8AF4007E840D /* Main.storyboard in Resources */ = {isa = PBXBuildFile; fileRef = 7BF30B7A279C8AF4007E840D /* Main.storyboard */; };
		7BF30B7E279C8AF6007E840D /* Assets.xcassets in Resources */ = {isa = PBXBuildFile; fileRef = 7BF30B7D279C8AF6007E840D /* Assets.xcassets */; };
		7BF30B81279C8AF6007E840D /* LaunchScreen.storyboard in Resources */ = {isa = PBXBuildFile; fileRef = 7BF30B7F279C8AF6007E840D /* LaunchScreen.storyboard */; };
		7BF30B8C279C8AF6007E840D /* RedditTests.swift in Sources */ = {isa = PBXBuildFile; fileRef = 7BF30B8B279C8AF6007E840D /* RedditTests.swift */; };
		7BF30B96279C8AF6007E840D /* RedditUITests.swift in Sources */ = {isa = PBXBuildFile; fileRef = 7BF30B95279C8AF6007E840D /* RedditUITests.swift */; };
		7BF30B98279C8AF6007E840D /* RedditUITestsLaunchTests.swift in Sources */ = {isa = PBXBuildFile; fileRef = 7BF30B97279C8AF6007E840D /* RedditUITestsLaunchTests.swift */; };
		C1AAAB3DCFF8426C1AA37115 /* Pods_RedditTests.framework in Frameworks */ = {isa = PBXBuildFile; fileRef = 89B8A26A3E8C8B0CBBC2B40A /* Pods_RedditTests.framework */; };
/* End PBXBuildFile section */

/* Begin PBXContainerItemProxy section */
		7BF30B88279C8AF6007E840D /* PBXContainerItemProxy */ = {
			isa = PBXContainerItemProxy;
			containerPortal = 7BF30B69279C8AF4007E840D /* Project object */;
			proxyType = 1;
			remoteGlobalIDString = 7BF30B70279C8AF4007E840D;
			remoteInfo = Reddit;
		};
		7BF30B92279C8AF6007E840D /* PBXContainerItemProxy */ = {
			isa = PBXContainerItemProxy;
			containerPortal = 7BF30B69279C8AF4007E840D /* Project object */;
			proxyType = 1;
			remoteGlobalIDString = 7BF30B70279C8AF4007E840D;
			remoteInfo = Reddit;
		};
/* End PBXContainerItemProxy section */

/* Begin PBXFileReference section */
		0DFE877F6E920161C1D51714 /* Pods-Reddit.release.xcconfig */ = {isa = PBXFileReference; includeInIndex = 1; lastKnownFileType = text.xcconfig; name = "Pods-Reddit.release.xcconfig"; path = "Target Support Files/Pods-Reddit/Pods-Reddit.release.xcconfig"; sourceTree = "<group>"; };
		1B2E0B4131CA1C15F1FB2EF9 /* Pods-RedditTests.release.xcconfig */ = {isa = PBXFileReference; includeInIndex = 1; lastKnownFileType = text.xcconfig; name = "Pods-RedditTests.release.xcconfig"; path = "Target Support Files/Pods-RedditTests/Pods-RedditTests.release.xcconfig"; sourceTree = "<group>"; };
		51FBBE70FB456729B8268437 /* Pods-Reddit-RedditUITests.debug.xcconfig */ = {isa = PBXFileReference; includeInIndex = 1; lastKnownFileType = text.xcconfig; name = "Pods-Reddit-RedditUITests.debug.xcconfig"; path = "Target Support Files/Pods-Reddit-RedditUITests/Pods-Reddit-RedditUITests.debug.xcconfig"; sourceTree = "<group>"; };
		65F45BF65AEC5F3D0E21F569 /* Pods-Reddit-RedditUITests.release.xcconfig */ = {isa = PBXFileReference; includeInIndex = 1; lastKnownFileType = text.xcconfig; name = "Pods-Reddit-RedditUITests.release.xcconfig"; path = "Target Support Files/Pods-Reddit-RedditUITests/Pods-Reddit-RedditUITests.release.xcconfig"; sourceTree = "<group>"; };
		7B6B608E279C9FEC00EE38EC /* APIConfigurationProtocol.swift */ = {isa = PBXFileReference; lastKnownFileType = sourcecode.swift; path = APIConfigurationProtocol.swift; sourceTree = "<group>"; };
		7B6B6091279CA10700EE38EC /* ApiConfig.swift */ = {isa = PBXFileReference; lastKnownFileType = sourcecode.swift; path = ApiConfig.swift; sourceTree = "<group>"; };
		7B6B6093279CA1CA00EE38EC /* PolicyConfiguration.swift */ = {isa = PBXFileReference; lastKnownFileType = sourcecode.swift; path = PolicyConfiguration.swift; sourceTree = "<group>"; };
		7B6B6095279CAD8600EE38EC /* PerformRequestProtocol.swift */ = {isa = PBXFileReference; lastKnownFileType = sourcecode.swift; path = PerformRequestProtocol.swift; sourceTree = "<group>"; };
		7B6B6099279D079400EE38EC /* RedditError.swift */ = {isa = PBXFileReference; lastKnownFileType = sourcecode.swift; path = RedditError.swift; sourceTree = "<group>"; };
		7B6B609C279D08BB00EE38EC /* NetworkClient.swift */ = {isa = PBXFileReference; lastKnownFileType = sourcecode.swift; path = NetworkClient.swift; sourceTree = "<group>"; };
		7B6B609F279D099000EE38EC /* PostRouter.swift */ = {isa = PBXFileReference; lastKnownFileType = sourcecode.swift; path = PostRouter.swift; sourceTree = "<group>"; };
		7B6B60A2279D0CD600EE38EC /* PostList.swift */ = {isa = PBXFileReference; lastKnownFileType = sourcecode.swift; path = PostList.swift; sourceTree = "<group>"; };
		7B6B60A4279D0DF300EE38EC /* PostData.swift */ = {isa = PBXFileReference; lastKnownFileType = sourcecode.swift; path = PostData.swift; sourceTree = "<group>"; };
		7B6B60A6279D0E4800EE38EC /* Post.swift */ = {isa = PBXFileReference; lastKnownFileType = sourcecode.swift; path = Post.swift; sourceTree = "<group>"; };
		7B6B60A8279D180200EE38EC /* PostChild.swift */ = {isa = PBXFileReference; lastKnownFileType = sourcecode.swift; path = PostChild.swift; sourceTree = "<group>"; };
		7BF30B71279C8AF4007E840D /* Reddit.app */ = {isa = PBXFileReference; explicitFileType = wrapper.application; includeInIndex = 0; path = Reddit.app; sourceTree = BUILT_PRODUCTS_DIR; };
		7BF30B74279C8AF4007E840D /* AppDelegate.swift */ = {isa = PBXFileReference; lastKnownFileType = sourcecode.swift; path = AppDelegate.swift; sourceTree = "<group>"; };
		7BF30B78279C8AF4007E840D /* ViewController.swift */ = {isa = PBXFileReference; lastKnownFileType = sourcecode.swift; path = ViewController.swift; sourceTree = "<group>"; };
		7BF30B7B279C8AF4007E840D /* Base */ = {isa = PBXFileReference; lastKnownFileType = file.storyboard; name = Base; path = Base.lproj/Main.storyboard; sourceTree = "<group>"; };
		7BF30B7D279C8AF6007E840D /* Assets.xcassets */ = {isa = PBXFileReference; lastKnownFileType = folder.assetcatalog; path = Assets.xcassets; sourceTree = "<group>"; };
		7BF30B80279C8AF6007E840D /* Base */ = {isa = PBXFileReference; lastKnownFileType = file.storyboard; name = Base; path = Base.lproj/LaunchScreen.storyboard; sourceTree = "<group>"; };
		7BF30B82279C8AF6007E840D /* Info.plist */ = {isa = PBXFileReference; lastKnownFileType = text.plist.xml; path = Info.plist; sourceTree = "<group>"; };
		7BF30B87279C8AF6007E840D /* RedditTests.xctest */ = {isa = PBXFileReference; explicitFileType = wrapper.cfbundle; includeInIndex = 0; path = RedditTests.xctest; sourceTree = BUILT_PRODUCTS_DIR; };
		7BF30B8B279C8AF6007E840D /* RedditTests.swift */ = {isa = PBXFileReference; lastKnownFileType = sourcecode.swift; path = RedditTests.swift; sourceTree = "<group>"; };
		7BF30B91279C8AF6007E840D /* RedditUITests.xctest */ = {isa = PBXFileReference; explicitFileType = wrapper.cfbundle; includeInIndex = 0; path = RedditUITests.xctest; sourceTree = BUILT_PRODUCTS_DIR; };
		7BF30B95279C8AF6007E840D /* RedditUITests.swift */ = {isa = PBXFileReference; lastKnownFileType = sourcecode.swift; path = RedditUITests.swift; sourceTree = "<group>"; };
		7BF30B97279C8AF6007E840D /* RedditUITestsLaunchTests.swift */ = {isa = PBXFileReference; lastKnownFileType = sourcecode.swift; path = RedditUITestsLaunchTests.swift; sourceTree = "<group>"; };
		89B8A26A3E8C8B0CBBC2B40A /* Pods_RedditTests.framework */ = {isa = PBXFileReference; explicitFileType = wrapper.framework; includeInIndex = 0; path = Pods_RedditTests.framework; sourceTree = BUILT_PRODUCTS_DIR; };
		97C74341EC9FCC74AB52B189 /* Pods-RedditTests.debug.xcconfig */ = {isa = PBXFileReference; includeInIndex = 1; lastKnownFileType = text.xcconfig; name = "Pods-RedditTests.debug.xcconfig"; path = "Target Support Files/Pods-RedditTests/Pods-RedditTests.debug.xcconfig"; sourceTree = "<group>"; };
		AD9F0FA318F7B6ABCC7AE99E /* Pods_Reddit.framework */ = {isa = PBXFileReference; explicitFileType = wrapper.framework; includeInIndex = 0; path = Pods_Reddit.framework; sourceTree = BUILT_PRODUCTS_DIR; };
		D27FF6B7C21949CCA958FA80 /* Pods_Reddit_RedditUITests.framework */ = {isa = PBXFileReference; explicitFileType = wrapper.framework; includeInIndex = 0; path = Pods_Reddit_RedditUITests.framework; sourceTree = BUILT_PRODUCTS_DIR; };
		E186AC68A64B5FB3F19F8B3C /* Pods-Reddit.debug.xcconfig */ = {isa = PBXFileReference; includeInIndex = 1; lastKnownFileType = text.xcconfig; name = "Pods-Reddit.debug.xcconfig"; path = "Target Support Files/Pods-Reddit/Pods-Reddit.debug.xcconfig"; sourceTree = "<group>"; };
/* End PBXFileReference section */

/* Begin PBXFrameworksBuildPhase section */
		7BF30B6E279C8AF4007E840D /* Frameworks */ = {
			isa = PBXFrameworksBuildPhase;
			buildActionMask = 2147483647;
			files = (
				5D7922732C005E446A2A88B0 /* Pods_Reddit.framework in Frameworks */,
			);
			runOnlyForDeploymentPostprocessing = 0;
		};
		7BF30B84279C8AF6007E840D /* Frameworks */ = {
			isa = PBXFrameworksBuildPhase;
			buildActionMask = 2147483647;
			files = (
				C1AAAB3DCFF8426C1AA37115 /* Pods_RedditTests.framework in Frameworks */,
			);
			runOnlyForDeploymentPostprocessing = 0;
		};
		7BF30B8E279C8AF6007E840D /* Frameworks */ = {
			isa = PBXFrameworksBuildPhase;
			buildActionMask = 2147483647;
			files = (
				6C5AF0DDA482F263FF033313 /* Pods_Reddit_RedditUITests.framework in Frameworks */,
			);
			runOnlyForDeploymentPostprocessing = 0;
		};
/* End PBXFrameworksBuildPhase section */

/* Begin PBXGroup section */
		2969D7A445D772FDA1BE7D65 /* Pods */ = {
			isa = PBXGroup;
			children = (
				E186AC68A64B5FB3F19F8B3C /* Pods-Reddit.debug.xcconfig */,
				0DFE877F6E920161C1D51714 /* Pods-Reddit.release.xcconfig */,
				51FBBE70FB456729B8268437 /* Pods-Reddit-RedditUITests.debug.xcconfig */,
				65F45BF65AEC5F3D0E21F569 /* Pods-Reddit-RedditUITests.release.xcconfig */,
				97C74341EC9FCC74AB52B189 /* Pods-RedditTests.debug.xcconfig */,
				1B2E0B4131CA1C15F1FB2EF9 /* Pods-RedditTests.release.xcconfig */,
			);
			path = Pods;
			sourceTree = "<group>";
		};
		441CA787F0235BCE017C3E5F /* Frameworks */ = {
			isa = PBXGroup;
			children = (
				AD9F0FA318F7B6ABCC7AE99E /* Pods_Reddit.framework */,
				D27FF6B7C21949CCA958FA80 /* Pods_Reddit_RedditUITests.framework */,
				89B8A26A3E8C8B0CBBC2B40A /* Pods_RedditTests.framework */,
			);
			name = Frameworks;
			sourceTree = "<group>";
		};
		7B6B608B279C9F5400EE38EC /* network */ = {
			isa = PBXGroup;
			children = (
				7B6B609B279D08AB00EE38EC /* configuration */,
				7B6B609E279D08D800EE38EC /* routers */,
			);
			path = network;
			sourceTree = "<group>";
		};
		7B6B608C279C9FC800EE38EC /* util */ = {
			isa = PBXGroup;
			children = (
				7B6B6090279CA0FB00EE38EC /* config */,
				7B6B608D279C9FD000EE38EC /* protocol */,
			);
			path = util;
			sourceTree = "<group>";
		};
		7B6B608D279C9FD000EE38EC /* protocol */ = {
			isa = PBXGroup;
			children = (
				7B6B608E279C9FEC00EE38EC /* APIConfigurationProtocol.swift */,
				7B6B6095279CAD8600EE38EC /* PerformRequestProtocol.swift */,
			);
			path = protocol;
			sourceTree = "<group>";
		};
		7B6B6090279CA0FB00EE38EC /* config */ = {
			isa = PBXGroup;
			children = (
				7B6B6091279CA10700EE38EC /* ApiConfig.swift */,
				7B6B6093279CA1CA00EE38EC /* PolicyConfiguration.swift */,
			);
			path = config;
			sourceTree = "<group>";
		};
		7B6B6097279D076F00EE38EC /* data */ = {
			isa = PBXGroup;
			children = (
				7B6B6098279D077700EE38EC /* error */,
				7B6B60A1279D0CBD00EE38EC /* model */,
			);
			path = data;
			sourceTree = "<group>";
		};
		7B6B6098279D077700EE38EC /* error */ = {
			isa = PBXGroup;
			children = (
				7B6B6099279D079400EE38EC /* RedditError.swift */,
			);
			path = error;
			sourceTree = "<group>";
		};
		7B6B609B279D08AB00EE38EC /* configuration */ = {
			isa = PBXGroup;
			children = (
				7B6B609C279D08BB00EE38EC /* NetworkClient.swift */,
			);
			path = configuration;
			sourceTree = "<group>";
		};
		7B6B609E279D08D800EE38EC /* routers */ = {
			isa = PBXGroup;
			children = (
				7B6B609F279D099000EE38EC /* PostRouter.swift */,
			);
			path = routers;
			sourceTree = "<group>";
		};
		7B6B60A1279D0CBD00EE38EC /* model */ = {
			isa = PBXGroup;
			children = (
				7B6B60A6279D0E4800EE38EC /* Post.swift */,
				7B6B60A8279D180200EE38EC /* PostChild.swift */,
				7B6B60A2279D0CD600EE38EC /* PostList.swift */,
				7B6B60A4279D0DF300EE38EC /* PostData.swift */,
			);
			path = model;
			sourceTree = "<group>";
		};
		7BF30B68279C8AF4007E840D = {
			isa = PBXGroup;
			children = (
				7BF30B73279C8AF4007E840D /* Reddit */,
				7BF30B8A279C8AF6007E840D /* RedditTests */,
				7BF30B94279C8AF6007E840D /* RedditUITests */,
				7BF30B72279C8AF4007E840D /* Products */,
				2969D7A445D772FDA1BE7D65 /* Pods */,
				441CA787F0235BCE017C3E5F /* Frameworks */,
			);
			sourceTree = "<group>";
		};
		7BF30B72279C8AF4007E840D /* Products */ = {
			isa = PBXGroup;
			children = (
				7BF30B71279C8AF4007E840D /* Reddit.app */,
				7BF30B87279C8AF6007E840D /* RedditTests.xctest */,
				7BF30B91279C8AF6007E840D /* RedditUITests.xctest */,
			);
			name = Products;
			sourceTree = "<group>";
		};
		7BF30B73279C8AF4007E840D /* Reddit */ = {
			isa = PBXGroup;
			children = (
				7B6B6097279D076F00EE38EC /* data */,
				7B6B608B279C9F5400EE38EC /* network */,
				7B6B608C279C9FC800EE38EC /* util */,
				7BF30B74279C8AF4007E840D /* AppDelegate.swift */,
				7BF30B78279C8AF4007E840D /* ViewController.swift */,
				7BF30B7A279C8AF4007E840D /* Main.storyboard */,
				7BF30B7D279C8AF6007E840D /* Assets.xcassets */,
				7BF30B7F279C8AF6007E840D /* LaunchScreen.storyboard */,
				7BF30B82279C8AF6007E840D /* Info.plist */,
			);
			path = Reddit;
			sourceTree = "<group>";
		};
		7BF30B8A279C8AF6007E840D /* RedditTests */ = {
			isa = PBXGroup;
			children = (
				7BF30B8B279C8AF6007E840D /* RedditTests.swift */,
			);
			path = RedditTests;
			sourceTree = "<group>";
		};
		7BF30B94279C8AF6007E840D /* RedditUITests */ = {
			isa = PBXGroup;
			children = (
				7BF30B95279C8AF6007E840D /* RedditUITests.swift */,
				7BF30B97279C8AF6007E840D /* RedditUITestsLaunchTests.swift */,
			);
			path = RedditUITests;
			sourceTree = "<group>";
		};
/* End PBXGroup section */

/* Begin PBXNativeTarget section */
		7BF30B70279C8AF4007E840D /* Reddit */ = {
			isa = PBXNativeTarget;
			buildConfigurationList = 7BF30B9B279C8AF6007E840D /* Build configuration list for PBXNativeTarget "Reddit" */;
			buildPhases = (
				CDCE0A1DB53361E7C73867AF /* [CP] Check Pods Manifest.lock */,
				7BF30B6D279C8AF4007E840D /* Sources */,
				7BF30B6E279C8AF4007E840D /* Frameworks */,
				7BF30B6F279C8AF4007E840D /* Resources */,
				51E136B0B686FD7AA0782B73 /* [CP] Embed Pods Frameworks */,
			);
			buildRules = (
			);
			dependencies = (
			);
			name = Reddit;
			productName = Reddit;
			productReference = 7BF30B71279C8AF4007E840D /* Reddit.app */;
			productType = "com.apple.product-type.application";
		};
		7BF30B86279C8AF6007E840D /* RedditTests */ = {
			isa = PBXNativeTarget;
			buildConfigurationList = 7BF30B9E279C8AF6007E840D /* Build configuration list for PBXNativeTarget "RedditTests" */;
			buildPhases = (
				03211EAC5BAA9D6162A6B6AD /* [CP] Check Pods Manifest.lock */,
				7BF30B83279C8AF6007E840D /* Sources */,
				7BF30B84279C8AF6007E840D /* Frameworks */,
				7BF30B85279C8AF6007E840D /* Resources */,
			);
			buildRules = (
			);
			dependencies = (
				7BF30B89279C8AF6007E840D /* PBXTargetDependency */,
			);
			name = RedditTests;
			productName = RedditTests;
			productReference = 7BF30B87279C8AF6007E840D /* RedditTests.xctest */;
			productType = "com.apple.product-type.bundle.unit-test";
		};
		7BF30B90279C8AF6007E840D /* RedditUITests */ = {
			isa = PBXNativeTarget;
			buildConfigurationList = 7BF30BA1279C8AF6007E840D /* Build configuration list for PBXNativeTarget "RedditUITests" */;
			buildPhases = (
				25A5409F1ABE2F6D8AD7236E /* [CP] Check Pods Manifest.lock */,
				7BF30B8D279C8AF6007E840D /* Sources */,
				7BF30B8E279C8AF6007E840D /* Frameworks */,
				7BF30B8F279C8AF6007E840D /* Resources */,
				3E89A31E1270B42625ADFEF4 /* [CP] Embed Pods Frameworks */,
			);
			buildRules = (
			);
			dependencies = (
				7BF30B93279C8AF6007E840D /* PBXTargetDependency */,
			);
			name = RedditUITests;
			productName = RedditUITests;
			productReference = 7BF30B91279C8AF6007E840D /* RedditUITests.xctest */;
			productType = "com.apple.product-type.bundle.ui-testing";
		};
/* End PBXNativeTarget section */

/* Begin PBXProject section */
		7BF30B69279C8AF4007E840D /* Project object */ = {
			isa = PBXProject;
			attributes = {
				BuildIndependentTargetsInParallel = 1;
				LastSwiftUpdateCheck = 1320;
				LastUpgradeCheck = 1320;
				TargetAttributes = {
					7BF30B70279C8AF4007E840D = {
						CreatedOnToolsVersion = 13.2.1;
					};
					7BF30B86279C8AF6007E840D = {
						CreatedOnToolsVersion = 13.2.1;
						TestTargetID = 7BF30B70279C8AF4007E840D;
					};
					7BF30B90279C8AF6007E840D = {
						CreatedOnToolsVersion = 13.2.1;
						TestTargetID = 7BF30B70279C8AF4007E840D;
					};
				};
			};
			buildConfigurationList = 7BF30B6C279C8AF4007E840D /* Build configuration list for PBXProject "Reddit" */;
			compatibilityVersion = "Xcode 13.0";
			developmentRegion = en;
			hasScannedForEncodings = 0;
			knownRegions = (
				en,
				Base,
			);
			mainGroup = 7BF30B68279C8AF4007E840D;
			productRefGroup = 7BF30B72279C8AF4007E840D /* Products */;
			projectDirPath = "";
			projectRoot = "";
			targets = (
				7BF30B70279C8AF4007E840D /* Reddit */,
				7BF30B86279C8AF6007E840D /* RedditTests */,
				7BF30B90279C8AF6007E840D /* RedditUITests */,
			);
		};
/* End PBXProject section */

/* Begin PBXResourcesBuildPhase section */
		7BF30B6F279C8AF4007E840D /* Resources */ = {
			isa = PBXResourcesBuildPhase;
			buildActionMask = 2147483647;
			files = (
				7BF30B81279C8AF6007E840D /* LaunchScreen.storyboard in Resources */,
				7BF30B7E279C8AF6007E840D /* Assets.xcassets in Resources */,
				7BF30B7C279C8AF4007E840D /* Main.storyboard in Resources */,
			);
			runOnlyForDeploymentPostprocessing = 0;
		};
		7BF30B85279C8AF6007E840D /* Resources */ = {
			isa = PBXResourcesBuildPhase;
			buildActionMask = 2147483647;
			files = (
			);
			runOnlyForDeploymentPostprocessing = 0;
		};
		7BF30B8F279C8AF6007E840D /* Resources */ = {
			isa = PBXResourcesBuildPhase;
			buildActionMask = 2147483647;
			files = (
			);
			runOnlyForDeploymentPostprocessing = 0;
		};
/* End PBXResourcesBuildPhase section */

/* Begin PBXShellScriptBuildPhase section */
		03211EAC5BAA9D6162A6B6AD /* [CP] Check Pods Manifest.lock */ = {
			isa = PBXShellScriptBuildPhase;
			buildActionMask = 2147483647;
			files = (
			);
			inputFileListPaths = (
			);
			inputPaths = (
				"${PODS_PODFILE_DIR_PATH}/Podfile.lock",
				"${PODS_ROOT}/Manifest.lock",
			);
			name = "[CP] Check Pods Manifest.lock";
			outputFileListPaths = (
			);
			outputPaths = (
				"$(DERIVED_FILE_DIR)/Pods-RedditTests-checkManifestLockResult.txt",
			);
			runOnlyForDeploymentPostprocessing = 0;
			shellPath = /bin/sh;
			shellScript = "diff \"${PODS_PODFILE_DIR_PATH}/Podfile.lock\" \"${PODS_ROOT}/Manifest.lock\" > /dev/null\nif [ $? != 0 ] ; then\n    # print error to STDERR\n    echo \"error: The sandbox is not in sync with the Podfile.lock. Run 'pod install' or update your CocoaPods installation.\" >&2\n    exit 1\nfi\n# This output is used by Xcode 'outputs' to avoid re-running this script phase.\necho \"SUCCESS\" > \"${SCRIPT_OUTPUT_FILE_0}\"\n";
			showEnvVarsInLog = 0;
		};
		25A5409F1ABE2F6D8AD7236E /* [CP] Check Pods Manifest.lock */ = {
			isa = PBXShellScriptBuildPhase;
			buildActionMask = 2147483647;
			files = (
			);
			inputFileListPaths = (
			);
			inputPaths = (
				"${PODS_PODFILE_DIR_PATH}/Podfile.lock",
				"${PODS_ROOT}/Manifest.lock",
			);
			name = "[CP] Check Pods Manifest.lock";
			outputFileListPaths = (
			);
			outputPaths = (
				"$(DERIVED_FILE_DIR)/Pods-Reddit-RedditUITests-checkManifestLockResult.txt",
			);
			runOnlyForDeploymentPostprocessing = 0;
			shellPath = /bin/sh;
			shellScript = "diff \"${PODS_PODFILE_DIR_PATH}/Podfile.lock\" \"${PODS_ROOT}/Manifest.lock\" > /dev/null\nif [ $? != 0 ] ; then\n    # print error to STDERR\n    echo \"error: The sandbox is not in sync with the Podfile.lock. Run 'pod install' or update your CocoaPods installation.\" >&2\n    exit 1\nfi\n# This output is used by Xcode 'outputs' to avoid re-running this script phase.\necho \"SUCCESS\" > \"${SCRIPT_OUTPUT_FILE_0}\"\n";
			showEnvVarsInLog = 0;
		};
		3E89A31E1270B42625ADFEF4 /* [CP] Embed Pods Frameworks */ = {
			isa = PBXShellScriptBuildPhase;
			buildActionMask = 2147483647;
			files = (
			);
			inputFileListPaths = (
				"${PODS_ROOT}/Target Support Files/Pods-Reddit-RedditUITests/Pods-Reddit-RedditUITests-frameworks-${CONFIGURATION}-input-files.xcfilelist",
			);
			name = "[CP] Embed Pods Frameworks";
			outputFileListPaths = (
				"${PODS_ROOT}/Target Support Files/Pods-Reddit-RedditUITests/Pods-Reddit-RedditUITests-frameworks-${CONFIGURATION}-output-files.xcfilelist",
			);
			runOnlyForDeploymentPostprocessing = 0;
			shellPath = /bin/sh;
			shellScript = "\"${PODS_ROOT}/Target Support Files/Pods-Reddit-RedditUITests/Pods-Reddit-RedditUITests-frameworks.sh\"\n";
			showEnvVarsInLog = 0;
		};
		51E136B0B686FD7AA0782B73 /* [CP] Embed Pods Frameworks */ = {
			isa = PBXShellScriptBuildPhase;
			buildActionMask = 2147483647;
			files = (
			);
			inputFileListPaths = (
				"${PODS_ROOT}/Target Support Files/Pods-Reddit/Pods-Reddit-frameworks-${CONFIGURATION}-input-files.xcfilelist",
			);
			name = "[CP] Embed Pods Frameworks";
			outputFileListPaths = (
				"${PODS_ROOT}/Target Support Files/Pods-Reddit/Pods-Reddit-frameworks-${CONFIGURATION}-output-files.xcfilelist",
			);
			runOnlyForDeploymentPostprocessing = 0;
			shellPath = /bin/sh;
			shellScript = "\"${PODS_ROOT}/Target Support Files/Pods-Reddit/Pods-Reddit-frameworks.sh\"\n";
			showEnvVarsInLog = 0;
		};
		CDCE0A1DB53361E7C73867AF /* [CP] Check Pods Manifest.lock */ = {
			isa = PBXShellScriptBuildPhase;
			buildActionMask = 2147483647;
			files = (
			);
			inputFileListPaths = (
			);
			inputPaths = (
				"${PODS_PODFILE_DIR_PATH}/Podfile.lock",
				"${PODS_ROOT}/Manifest.lock",
			);
			name = "[CP] Check Pods Manifest.lock";
			outputFileListPaths = (
			);
			outputPaths = (
				"$(DERIVED_FILE_DIR)/Pods-Reddit-checkManifestLockResult.txt",
			);
			runOnlyForDeploymentPostprocessing = 0;
			shellPath = /bin/sh;
			shellScript = "diff \"${PODS_PODFILE_DIR_PATH}/Podfile.lock\" \"${PODS_ROOT}/Manifest.lock\" > /dev/null\nif [ $? != 0 ] ; then\n    # print error to STDERR\n    echo \"error: The sandbox is not in sync with the Podfile.lock. Run 'pod install' or update your CocoaPods installation.\" >&2\n    exit 1\nfi\n# This output is used by Xcode 'outputs' to avoid re-running this script phase.\necho \"SUCCESS\" > \"${SCRIPT_OUTPUT_FILE_0}\"\n";
			showEnvVarsInLog = 0;
		};
/* End PBXShellScriptBuildPhase section */

/* Begin PBXSourcesBuildPhase section */
		7BF30B6D279C8AF4007E840D /* Sources */ = {
			isa = PBXSourcesBuildPhase;
			buildActionMask = 2147483647;
			files = (
				7B6B6094279CA1CA00EE38EC /* PolicyConfiguration.swift in Sources */,
				7B6B60A3279D0CD600EE38EC /* PostList.swift in Sources */,
				7B6B60A9279D180200EE38EC /* PostChild.swift in Sources */,
				7B6B608F279C9FEC00EE38EC /* APIConfigurationProtocol.swift in Sources */,
				7B6B60A7279D0E4800EE38EC /* Post.swift in Sources */,
				7B6B609A279D079500EE38EC /* RedditError.swift in Sources */,
				7BF30B79279C8AF4007E840D /* ViewController.swift in Sources */,
				7B6B6092279CA10700EE38EC /* ApiConfig.swift in Sources */,
				7BF30B75279C8AF4007E840D /* AppDelegate.swift in Sources */,
				7B6B6096279CAD8600EE38EC /* PerformRequestProtocol.swift in Sources */,
				7B6B60A0279D099000EE38EC /* PostRouter.swift in Sources */,
				7B6B60A5279D0DF300EE38EC /* PostData.swift in Sources */,
				7B6B609D279D08BB00EE38EC /* NetworkClient.swift in Sources */,
			);
			runOnlyForDeploymentPostprocessing = 0;
		};
		7BF30B83279C8AF6007E840D /* Sources */ = {
			isa = PBXSourcesBuildPhase;
			buildActionMask = 2147483647;
			files = (
				7BF30B8C279C8AF6007E840D /* RedditTests.swift in Sources */,
			);
			runOnlyForDeploymentPostprocessing = 0;
		};
		7BF30B8D279C8AF6007E840D /* Sources */ = {
			isa = PBXSourcesBuildPhase;
			buildActionMask = 2147483647;
			files = (
				7BF30B98279C8AF6007E840D /* RedditUITestsLaunchTests.swift in Sources */,
				7BF30B96279C8AF6007E840D /* RedditUITests.swift in Sources */,
			);
			runOnlyForDeploymentPostprocessing = 0;
		};
/* End PBXSourcesBuildPhase section */

/* Begin PBXTargetDependency section */
		7BF30B89279C8AF6007E840D /* PBXTargetDependency */ = {
			isa = PBXTargetDependency;
			target = 7BF30B70279C8AF4007E840D /* Reddit */;
			targetProxy = 7BF30B88279C8AF6007E840D /* PBXContainerItemProxy */;
		};
		7BF30B93279C8AF6007E840D /* PBXTargetDependency */ = {
			isa = PBXTargetDependency;
			target = 7BF30B70279C8AF4007E840D /* Reddit */;
			targetProxy = 7BF30B92279C8AF6007E840D /* PBXContainerItemProxy */;
		};
/* End PBXTargetDependency section */

/* Begin PBXVariantGroup section */
		7BF30B7A279C8AF4007E840D /* Main.storyboard */ = {
			isa = PBXVariantGroup;
			children = (
				7BF30B7B279C8AF4007E840D /* Base */,
			);
			name = Main.storyboard;
			sourceTree = "<group>";
		};
		7BF30B7F279C8AF6007E840D /* LaunchScreen.storyboard */ = {
			isa = PBXVariantGroup;
			children = (
				7BF30B80279C8AF6007E840D /* Base */,
			);
			name = LaunchScreen.storyboard;
			sourceTree = "<group>";
		};
/* End PBXVariantGroup section */

/* Begin XCBuildConfiguration section */
		7BF30B99279C8AF6007E840D /* Debug */ = {
			isa = XCBuildConfiguration;
			buildSettings = {
				ALWAYS_SEARCH_USER_PATHS = NO;
				CLANG_ANALYZER_NONNULL = YES;
				CLANG_ANALYZER_NUMBER_OBJECT_CONVERSION = YES_AGGRESSIVE;
				CLANG_CXX_LANGUAGE_STANDARD = "gnu++17";
				CLANG_CXX_LIBRARY = "libc++";
				CLANG_ENABLE_MODULES = YES;
				CLANG_ENABLE_OBJC_ARC = YES;
				CLANG_ENABLE_OBJC_WEAK = YES;
				CLANG_WARN_BLOCK_CAPTURE_AUTORELEASING = YES;
				CLANG_WARN_BOOL_CONVERSION = YES;
				CLANG_WARN_COMMA = YES;
				CLANG_WARN_CONSTANT_CONVERSION = YES;
				CLANG_WARN_DEPRECATED_OBJC_IMPLEMENTATIONS = YES;
				CLANG_WARN_DIRECT_OBJC_ISA_USAGE = YES_ERROR;
				CLANG_WARN_DOCUMENTATION_COMMENTS = YES;
				CLANG_WARN_EMPTY_BODY = YES;
				CLANG_WARN_ENUM_CONVERSION = YES;
				CLANG_WARN_INFINITE_RECURSION = YES;
				CLANG_WARN_INT_CONVERSION = YES;
				CLANG_WARN_NON_LITERAL_NULL_CONVERSION = YES;
				CLANG_WARN_OBJC_IMPLICIT_RETAIN_SELF = YES;
				CLANG_WARN_OBJC_LITERAL_CONVERSION = YES;
				CLANG_WARN_OBJC_ROOT_CLASS = YES_ERROR;
				CLANG_WARN_QUOTED_INCLUDE_IN_FRAMEWORK_HEADER = YES;
				CLANG_WARN_RANGE_LOOP_ANALYSIS = YES;
				CLANG_WARN_STRICT_PROTOTYPES = YES;
				CLANG_WARN_SUSPICIOUS_MOVE = YES;
				CLANG_WARN_UNGUARDED_AVAILABILITY = YES_AGGRESSIVE;
				CLANG_WARN_UNREACHABLE_CODE = YES;
				CLANG_WARN__DUPLICATE_METHOD_MATCH = YES;
				COPY_PHASE_STRIP = NO;
				DEBUG_INFORMATION_FORMAT = dwarf;
				ENABLE_STRICT_OBJC_MSGSEND = YES;
				ENABLE_TESTABILITY = YES;
				GCC_C_LANGUAGE_STANDARD = gnu11;
				GCC_DYNAMIC_NO_PIC = NO;
				GCC_NO_COMMON_BLOCKS = YES;
				GCC_OPTIMIZATION_LEVEL = 0;
				GCC_PREPROCESSOR_DEFINITIONS = (
					"DEBUG=1",
					"$(inherited)",
				);
				GCC_WARN_64_TO_32_BIT_CONVERSION = YES;
				GCC_WARN_ABOUT_RETURN_TYPE = YES_ERROR;
				GCC_WARN_UNDECLARED_SELECTOR = YES;
				GCC_WARN_UNINITIALIZED_AUTOS = YES_AGGRESSIVE;
				GCC_WARN_UNUSED_FUNCTION = YES;
				GCC_WARN_UNUSED_VARIABLE = YES;
				IPHONEOS_DEPLOYMENT_TARGET = 15.2;
				MTL_ENABLE_DEBUG_INFO = INCLUDE_SOURCE;
				MTL_FAST_MATH = YES;
				ONLY_ACTIVE_ARCH = YES;
				SDKROOT = iphoneos;
				SWIFT_ACTIVE_COMPILATION_CONDITIONS = DEBUG;
				SWIFT_OPTIMIZATION_LEVEL = "-Onone";
			};
			name = Debug;
		};
		7BF30B9A279C8AF6007E840D /* Release */ = {
			isa = XCBuildConfiguration;
			buildSettings = {
				ALWAYS_SEARCH_USER_PATHS = NO;
				CLANG_ANALYZER_NONNULL = YES;
				CLANG_ANALYZER_NUMBER_OBJECT_CONVERSION = YES_AGGRESSIVE;
				CLANG_CXX_LANGUAGE_STANDARD = "gnu++17";
				CLANG_CXX_LIBRARY = "libc++";
				CLANG_ENABLE_MODULES = YES;
				CLANG_ENABLE_OBJC_ARC = YES;
				CLANG_ENABLE_OBJC_WEAK = YES;
				CLANG_WARN_BLOCK_CAPTURE_AUTORELEASING = YES;
				CLANG_WARN_BOOL_CONVERSION = YES;
				CLANG_WARN_COMMA = YES;
				CLANG_WARN_CONSTANT_CONVERSION = YES;
				CLANG_WARN_DEPRECATED_OBJC_IMPLEMENTATIONS = YES;
				CLANG_WARN_DIRECT_OBJC_ISA_USAGE = YES_ERROR;
				CLANG_WARN_DOCUMENTATION_COMMENTS = YES;
				CLANG_WARN_EMPTY_BODY = YES;
				CLANG_WARN_ENUM_CONVERSION = YES;
				CLANG_WARN_INFINITE_RECURSION = YES;
				CLANG_WARN_INT_CONVERSION = YES;
				CLANG_WARN_NON_LITERAL_NULL_CONVERSION = YES;
				CLANG_WARN_OBJC_IMPLICIT_RETAIN_SELF = YES;
				CLANG_WARN_OBJC_LITERAL_CONVERSION = YES;
				CLANG_WARN_OBJC_ROOT_CLASS = YES_ERROR;
				CLANG_WARN_QUOTED_INCLUDE_IN_FRAMEWORK_HEADER = YES;
				CLANG_WARN_RANGE_LOOP_ANALYSIS = YES;
				CLANG_WARN_STRICT_PROTOTYPES = YES;
				CLANG_WARN_SUSPICIOUS_MOVE = YES;
				CLANG_WARN_UNGUARDED_AVAILABILITY = YES_AGGRESSIVE;
				CLANG_WARN_UNREACHABLE_CODE = YES;
				CLANG_WARN__DUPLICATE_METHOD_MATCH = YES;
				COPY_PHASE_STRIP = NO;
				DEBUG_INFORMATION_FORMAT = "dwarf-with-dsym";
				ENABLE_NS_ASSERTIONS = NO;
				ENABLE_STRICT_OBJC_MSGSEND = YES;
				GCC_C_LANGUAGE_STANDARD = gnu11;
				GCC_NO_COMMON_BLOCKS = YES;
				GCC_WARN_64_TO_32_BIT_CONVERSION = YES;
				GCC_WARN_ABOUT_RETURN_TYPE = YES_ERROR;
				GCC_WARN_UNDECLARED_SELECTOR = YES;
				GCC_WARN_UNINITIALIZED_AUTOS = YES_AGGRESSIVE;
				GCC_WARN_UNUSED_FUNCTION = YES;
				GCC_WARN_UNUSED_VARIABLE = YES;
				IPHONEOS_DEPLOYMENT_TARGET = 15.2;
				MTL_ENABLE_DEBUG_INFO = NO;
				MTL_FAST_MATH = YES;
				SDKROOT = iphoneos;
				SWIFT_COMPILATION_MODE = wholemodule;
				SWIFT_OPTIMIZATION_LEVEL = "-O";
				VALIDATE_PRODUCT = YES;
			};
			name = Release;
		};
		7BF30B9C279C8AF6007E840D /* Debug */ = {
			isa = XCBuildConfiguration;
			baseConfigurationReference = E186AC68A64B5FB3F19F8B3C /* Pods-Reddit.debug.xcconfig */;
			buildSettings = {
				ASSETCATALOG_COMPILER_APPICON_NAME = AppIcon;
				ASSETCATALOG_COMPILER_GLOBAL_ACCENT_COLOR_NAME = AccentColor;
				CODE_SIGN_STYLE = Automatic;
				CURRENT_PROJECT_VERSION = 1;
				GENERATE_INFOPLIST_FILE = YES;
				INFOPLIST_FILE = Reddit/Info.plist;
				INFOPLIST_KEY_UIApplicationSupportsIndirectInputEvents = YES;
				INFOPLIST_KEY_UILaunchStoryboardName = LaunchScreen;
				INFOPLIST_KEY_UIMainStoryboardFile = Main;
				INFOPLIST_KEY_UISupportedInterfaceOrientations_iPad = "UIInterfaceOrientationPortrait UIInterfaceOrientationPortraitUpsideDown UIInterfaceOrientationLandscapeLeft UIInterfaceOrientationLandscapeRight";
				INFOPLIST_KEY_UISupportedInterfaceOrientations_iPhone = "UIInterfaceOrientationPortrait UIInterfaceOrientationLandscapeLeft UIInterfaceOrientationLandscapeRight";
				LD_RUNPATH_SEARCH_PATHS = (
					"$(inherited)",
					"@executable_path/Frameworks",
				);
				MARKETING_VERSION = 1.0;
				PRODUCT_BUNDLE_IDENTIFIER = com.fernando.Reddit;
				PRODUCT_NAME = "$(TARGET_NAME)";
				SWIFT_EMIT_LOC_STRINGS = YES;
				SWIFT_VERSION = 5.0;
				TARGETED_DEVICE_FAMILY = "1,2";
			};
			name = Debug;
		};
		7BF30B9D279C8AF6007E840D /* Release */ = {
			isa = XCBuildConfiguration;
			baseConfigurationReference = 0DFE877F6E920161C1D51714 /* Pods-Reddit.release.xcconfig */;
			buildSettings = {
				ASSETCATALOG_COMPILER_APPICON_NAME = AppIcon;
				ASSETCATALOG_COMPILER_GLOBAL_ACCENT_COLOR_NAME = AccentColor;
				CODE_SIGN_STYLE = Automatic;
				CURRENT_PROJECT_VERSION = 1;
				GENERATE_INFOPLIST_FILE = YES;
				INFOPLIST_FILE = Reddit/Info.plist;
				INFOPLIST_KEY_UIApplicationSupportsIndirectInputEvents = YES;
				INFOPLIST_KEY_UILaunchStoryboardName = LaunchScreen;
				INFOPLIST_KEY_UIMainStoryboardFile = Main;
				INFOPLIST_KEY_UISupportedInterfaceOrientations_iPad = "UIInterfaceOrientationPortrait UIInterfaceOrientationPortraitUpsideDown UIInterfaceOrientationLandscapeLeft UIInterfaceOrientationLandscapeRight";
				INFOPLIST_KEY_UISupportedInterfaceOrientations_iPhone = "UIInterfaceOrientationPortrait UIInterfaceOrientationLandscapeLeft UIInterfaceOrientationLandscapeRight";
				LD_RUNPATH_SEARCH_PATHS = (
					"$(inherited)",
					"@executable_path/Frameworks",
				);
				MARKETING_VERSION = 1.0;
				PRODUCT_BUNDLE_IDENTIFIER = com.fernando.Reddit;
				PRODUCT_NAME = "$(TARGET_NAME)";
				SWIFT_EMIT_LOC_STRINGS = YES;
				SWIFT_VERSION = 5.0;
				TARGETED_DEVICE_FAMILY = "1,2";
			};
			name = Release;
		};
		7BF30B9F279C8AF6007E840D /* Debug */ = {
			isa = XCBuildConfiguration;
			baseConfigurationReference = 97C74341EC9FCC74AB52B189 /* Pods-RedditTests.debug.xcconfig */;
			buildSettings = {
				ALWAYS_EMBED_SWIFT_STANDARD_LIBRARIES = YES;
				BUNDLE_LOADER = "$(TEST_HOST)";
				CODE_SIGN_STYLE = Automatic;
				CURRENT_PROJECT_VERSION = 1;
				GENERATE_INFOPLIST_FILE = YES;
				IPHONEOS_DEPLOYMENT_TARGET = 15.2;
				MARKETING_VERSION = 1.0;
				PRODUCT_BUNDLE_IDENTIFIER = com.fernando.RedditTests;
				PRODUCT_NAME = "$(TARGET_NAME)";
				SWIFT_EMIT_LOC_STRINGS = NO;
				SWIFT_VERSION = 5.0;
				TARGETED_DEVICE_FAMILY = "1,2";
				TEST_HOST = "$(BUILT_PRODUCTS_DIR)/Reddit.app/Reddit";
			};
			name = Debug;
		};
		7BF30BA0279C8AF6007E840D /* Release */ = {
			isa = XCBuildConfiguration;
			baseConfigurationReference = 1B2E0B4131CA1C15F1FB2EF9 /* Pods-RedditTests.release.xcconfig */;
			buildSettings = {
				ALWAYS_EMBED_SWIFT_STANDARD_LIBRARIES = YES;
				BUNDLE_LOADER = "$(TEST_HOST)";
				CODE_SIGN_STYLE = Automatic;
				CURRENT_PROJECT_VERSION = 1;
				GENERATE_INFOPLIST_FILE = YES;
				IPHONEOS_DEPLOYMENT_TARGET = 15.2;
				MARKETING_VERSION = 1.0;
				PRODUCT_BUNDLE_IDENTIFIER = com.fernando.RedditTests;
				PRODUCT_NAME = "$(TARGET_NAME)";
				SWIFT_EMIT_LOC_STRINGS = NO;
				SWIFT_VERSION = 5.0;
				TARGETED_DEVICE_FAMILY = "1,2";
				TEST_HOST = "$(BUILT_PRODUCTS_DIR)/Reddit.app/Reddit";
			};
			name = Release;
		};
		7BF30BA2279C8AF6007E840D /* Debug */ = {
			isa = XCBuildConfiguration;
			baseConfigurationReference = 51FBBE70FB456729B8268437 /* Pods-Reddit-RedditUITests.debug.xcconfig */;
			buildSettings = {
				ALWAYS_EMBED_SWIFT_STANDARD_LIBRARIES = YES;
				CODE_SIGN_STYLE = Automatic;
				CURRENT_PROJECT_VERSION = 1;
				GENERATE_INFOPLIST_FILE = YES;
				MARKETING_VERSION = 1.0;
				PRODUCT_BUNDLE_IDENTIFIER = com.fernando.RedditUITests;
				PRODUCT_NAME = "$(TARGET_NAME)";
				SWIFT_EMIT_LOC_STRINGS = NO;
				SWIFT_VERSION = 5.0;
				TARGETED_DEVICE_FAMILY = "1,2";
				TEST_TARGET_NAME = Reddit;
			};
			name = Debug;
		};
		7BF30BA3279C8AF6007E840D /* Release */ = {
			isa = XCBuildConfiguration;
			baseConfigurationReference = 65F45BF65AEC5F3D0E21F569 /* Pods-Reddit-RedditUITests.release.xcconfig */;
			buildSettings = {
				ALWAYS_EMBED_SWIFT_STANDARD_LIBRARIES = YES;
				CODE_SIGN_STYLE = Automatic;
				CURRENT_PROJECT_VERSION = 1;
				GENERATE_INFOPLIST_FILE = YES;
				MARKETING_VERSION = 1.0;
				PRODUCT_BUNDLE_IDENTIFIER = com.fernando.RedditUITests;
				PRODUCT_NAME = "$(TARGET_NAME)";
				SWIFT_EMIT_LOC_STRINGS = NO;
				SWIFT_VERSION = 5.0;
				TARGETED_DEVICE_FAMILY = "1,2";
				TEST_TARGET_NAME = Reddit;
			};
			name = Release;
		};
/* End XCBuildConfiguration section */

/* Begin XCConfigurationList section */
		7BF30B6C279C8AF4007E840D /* Build configuration list for PBXProject "Reddit" */ = {
			isa = XCConfigurationList;
			buildConfigurations = (
				7BF30B99279C8AF6007E840D /* Debug */,
				7BF30B9A279C8AF6007E840D /* Release */,
			);
			defaultConfigurationIsVisible = 0;
			defaultConfigurationName = Release;
		};
		7BF30B9B279C8AF6007E840D /* Build configuration list for PBXNativeTarget "Reddit" */ = {
			isa = XCConfigurationList;
			buildConfigurations = (
				7BF30B9C279C8AF6007E840D /* Debug */,
				7BF30B9D279C8AF6007E840D /* Release */,
			);
			defaultConfigurationIsVisible = 0;
			defaultConfigurationName = Release;
		};
		7BF30B9E279C8AF6007E840D /* Build configuration list for PBXNativeTarget "RedditTests" */ = {
			isa = XCConfigurationList;
			buildConfigurations = (
				7BF30B9F279C8AF6007E840D /* Debug */,
				7BF30BA0279C8AF6007E840D /* Release */,
			);
			defaultConfigurationIsVisible = 0;
			defaultConfigurationName = Release;
		};
		7BF30BA1279C8AF6007E840D /* Build configuration list for PBXNativeTarget "RedditUITests" */ = {
			isa = XCConfigurationList;
			buildConfigurations = (
				7BF30BA2279C8AF6007E840D /* Debug */,
				7BF30BA3279C8AF6007E840D /* Release */,
			);
			defaultConfigurationIsVisible = 0;
			defaultConfigurationName = Release;
		};
/* End XCConfigurationList section */
	};
	rootObject = 7BF30B69279C8AF4007E840D /* Project object */;
}
